
Microsoft Visual Studio Solution File, Format Version 12.00
# Visual Studio Version 17
VisualStudioVersion = 17.8.34511.84
MinimumVisualStudioVersion = 10.0.40219.1
Project("{FAE04EC0-301F-11D3-BF4B-00C04F79EFBC}") = "OtelRezervasyon", "OtelRezervasyon\OtelRezervasyon.csproj", "{697B430E-63B6-4224-8F22-9434F3B1822A}"
EndProject
Global
	GlobalSection(SolutionConfigurationPlatforms) = preSolution
		Debug|Any CPU = Debug|Any CPU
		Release|Any CPU = Release|Any CPU
	EndGlobalSection
	GlobalSection(ProjectConfigurationPlatforms) = postSolution
		{697B430E-63B6-4224-8F22-9434F3B1822A}.Debug|Any CPU.ActiveCfg = Debug|Any CPU
		{697B430E-63B6-4224-8F22-9434F3B1822A}.Debug|Any CPU.Build.0 = Debug|Any CPU
		{697B430E-63B6-4224-8F22-9434F3B1822A}.Release|Any CPU.ActiveCfg = Release|Any CPU
		{697B430E-63B6-4224-8F22-9434F3B1822A}.Release|Any CPU.Build.0 = Release|Any CPU
	EndGlobalSection
	GlobalSection(SolutionProperties) = preSolution
		HideSolutionNode = FALSE
	EndGlobalSection
	GlobalSection(ExtensibilityGlobals) = postSolution
		SolutionGuid = {E2302461-67CE-4640-B5B9-498EF19D53BA}
	EndGlobalSection
EndGlobal
